// !$*UTF8*$!
{
	archiveVersion = 1;
	classes = {
	};
	objectVersion = 50;
	objects = {

/* Begin PBXBuildFile section */
		95A9BE61225FA7F50014AC2B /* AppDelegate.swift in Sources */ = {isa = PBXBuildFile; fileRef = 95A9BE60225FA7F50014AC2B /* AppDelegate.swift */; };
		95A9BE63225FA7F50014AC2B /* ViewController.swift in Sources */ = {isa = PBXBuildFile; fileRef = 95A9BE62225FA7F50014AC2B /* ViewController.swift */; };
		95A9BE66225FA7F50014AC2B /* Main.storyboard in Resources */ = {isa = PBXBuildFile; fileRef = 95A9BE64225FA7F50014AC2B /* Main.storyboard */; };
		95A9BE68225FA7F60014AC2B /* Assets.xcassets in Resources */ = {isa = PBXBuildFile; fileRef = 95A9BE67225FA7F60014AC2B /* Assets.xcassets */; };
		95A9BE6B225FA7F60014AC2B /* LaunchScreen.storyboard in Resources */ = {isa = PBXBuildFile; fileRef = 95A9BE69225FA7F60014AC2B /* LaunchScreen.storyboard */; };
/* End PBXBuildFile section */

/* Begin PBXFileReference section */
		95A9BE5D225FA7F50014AC2B /* sampletest.app */ = {isa = PBXFileReference; explicitFileType = wrapper.application; includeInIndex = 0; path = sampletest.app; sourceTree = BUILT_PRODUCTS_DIR; };
		95A9BE60225FA7F50014AC2B /* AppDelegate.swift */ = {isa = PBXFileReference; lastKnownFileType = sourcecode.swift; path = AppDelegate.swift; sourceTree = "<group>"; };
		95A9BE62225FA7F50014AC2B /* ViewController.swift */ = {isa = PBXFileReference; lastKnownFileType = sourcecode.swift; path = ViewController.swift; sourceTree = "<group>"; };
		95A9BE65225FA7F50014AC2B /* Base */ = {isa = PBXFileReference; lastKnownFileType = file.storyboard; name = Base; path = Base.lproj/Main.storyboard; sourceTree = "<group>"; };
		95A9BE67225FA7F60014AC2B /* Assets.xcassets */ = {isa = PBXFileReference; lastKnownFileType = folder.assetcatalog; path = Assets.xcassets; sourceTree = "<group>"; };
		95A9BE6A225FA7F60014AC2B /* Base */ = {isa = PBXFileReference; lastKnownFileType = file.storyboard; name = Base; path = Base.lproj/LaunchScreen.storyboard; sourceTree = "<group>"; };
		95A9BE6C225FA7F70014AC2B /* Info.plist */ = {isa = PBXFileReference; lastKnownFileType = text.plist.xml; path = Info.plist; sourceTree = "<group>"; };
/* End PBXFileReference section */

/* Begin PBXFrameworksBuildPhase section */
		95A9BE5A225FA7F50014AC2B /* Frameworks */ = {
			isa = PBXFrameworksBuildPhase;
			buildActionMask = 2147483647;
			files = (
			);
			runOnlyForDeploymentPostprocessing = 0;
		};
/* End PBXFrameworksBuildPhase section */

/* Begin PBXGroup section */
		95A9BE54225FA7F50014AC2B = {
			isa = PBXGroup;
			children = (
				95A9BE5F225FA7F50014AC2B /* sampletest */,
				95A9BE5E225FA7F50014AC2B /* Products */,
			);
			sourceTree = "<group>";
		};
		95A9BE5E225FA7F50014AC2B /* Products */ = {
			isa = PBXGroup;
			children = (
				95A9BE5D225FA7F50014AC2B /* sampletest.app */,
			);
			name = Products;
			sourceTree = "<group>";
		};
		95A9BE5F225FA7F50014AC2B /* sampletest */ = {
			isa = PBXGroup;
			children = (
				95A9BE60225FA7F50014AC2B /* AppDelegate.swift */,
				95A9BE62225FA7F50014AC2B /* ViewController.swift */,
				95A9BE64225FA7F50014AC2B /* Main.storyboard */,
				95A9BE67225FA7F60014AC2B /* Assets.xcassets */,
				95A9BE69225FA7F60014AC2B /* LaunchScreen.storyboard */,
				95A9BE6C225FA7F70014AC2B /* Info.plist */,
			);
			path = sampletest;
			sourceTree = "<group>";
		};
/* End PBXGroup section */

/* Begin PBXNativeTarget section */
		95A9BE5C225FA7F50014AC2B /* sampletest */ = {
			isa = PBXNativeTarget;
			buildConfigurationList = 95A9BE6F225FA7F70014AC2B /* Build configuration list for PBXNativeTarget "sampletest" */;
			buildPhases = (
				95A9BE59225FA7F50014AC2B /* Sources */,
				95A9BE5A225FA7F50014AC2B /* Frameworks */,
				95A9BE5B225FA7F50014AC2B /* Resources */,
			);
			buildRules = (
			);
			dependencies = (
			);
			name = sampletest;
			productName = sampletest;
			productReference = 95A9BE5D225FA7F50014AC2B /* sampletest.app */;
			productType = "com.apple.product-type.application";
		};
/* End PBXNativeTarget section */

/* Begin PBXProject section */
		95A9BE55225FA7F50014AC2B /* Project object */ = {
			isa = PBXProject;
			attributes = {
				LastSwiftUpdateCheck = 1000;
				LastUpgradeCheck = 1000;
				ORGANIZATIONNAME = "Nidhi Tiwari";
				TargetAttributes = {
					95A9BE5C225FA7F50014AC2B = {
						CreatedOnToolsVersion = 10.0;
					};
				};
			};
			buildConfigurationList = 95A9BE58225FA7F50014AC2B /* Build configuration list for PBXProject "sampletest" */;
			compatibilityVersion = "Xcode 9.3";
			developmentRegion = en;
			hasScannedForEncodings = 0;
			knownRegions = (
				en,
				Base,
			);
			mainGroup = 95A9BE54225FA7F50014AC2B;
			productRefGroup = 95A9BE5E225FA7F50014AC2B /* Products */;
			projectDirPath = "";
			projectRoot = "";
			targets = (
				95A9BE5C225FA7F50014AC2B /* sampletest */,
			);
		};
/* End PBXProject section */

/* Begin PBXResourcesBuildPhase section */
		95A9BE5B225FA7F50014AC2B /* Resources */ = {
			isa = PBXResourcesBuildPhase;
			buildActionMask = 2147483647;
			files = (
				95A9BE6B225FA7F60014AC2B /* LaunchScreen.storyboard in Resources */,
				95A9BE68225FA7F60014AC2B /* Assets.xcassets in Resources */,
				95A9BE66225FA7F50014AC2B /* Main.storyboard in Resources */,
			);
			runOnlyForDeploymentPostprocessing = 0;
		};
/* End PBXResourcesBuildPhase section */

/* Begin PBXSourcesBuildPhase section */
		95A9BE59225FA7F50014AC2B /* Sources */ = {
			isa = PBXSourcesBuildPhase;
			buildActionMask = 2147483647;
			files = (
				95A9BE63225FA7F50014AC2B /* ViewController.swift in Sources */,
				95A9BE61225FA7F50014AC2B /* AppDelegate.swift in Sources */,
			);
			runOnlyForDeploymentPostprocessing = 0;
		};
/* End PBXSourcesBuildPhase section */

/* Begin PBXVariantGroup section */
		95A9BE64225FA7F50014AC2B /* Main.storyboard */ = {
			isa = PBXVariantGroup;
			children = (
				95A9BE65225FA7F50014AC2B /* Base */,
			);
			name = Main.storyboard;
			sourceTree = "<group>";
		};
		95A9BE69225FA7F60014AC2B /* LaunchScreen.storyboard */ = {
			isa = PBXVariantGroup;
			children = (
				95A9BE6A225FA7F60014AC2B /* Base */,
			);
			name = LaunchScreen.storyboard;
			sourceTree = "<group>";
		};
/* End PBXVariantGroup section */

/* Begin XCBuildConfiguration section */
		95A9BE6D225FA7F70014AC2B /* Debug */ = {
			isa = XCBuildConfiguration;
			buildSettings = {
				ALWAYS_SEARCH_USER_PATHS = NO;
				CLANG_ANALYZER_NONNULL = YES;
				CLANG_ANALYZER_NUMBER_OBJECT_CONVERSION = YES_AGGRESSIVE;
				CLANG_CXX_LANGUAGE_STANDARD = "gnu++14";
				CLANG_CXX_LIBRARY = "libc++";
				CLANG_ENABLE_MODULES = YES;
				CLANG_ENABLE_OBJC_ARC = YES;
				CLANG_ENABLE_OBJC_WEAK = YES;
				CLANG_WARN_BLOCK_CAPTURE_AUTORELEASING = YES;
				CLANG_WARN_BOOL_CONVERSION = YES;
				CLANG_WARN_COMMA = YES;
				CLANG_WARN_CONSTANT_CONVERSION = YES;
				CLANG_WARN_DEPRECATED_OBJC_IMPLEMENTATIONS = YES;
				CLANG_WARN_DIRECT_OBJC_ISA_USAGE = YES_ERROR;
				CLANG_WARN_DOCUMENTATION_COMMENTS = YES;
				CLANG_WARN_EMPTY_BODY = YES;
				CLANG_WARN_ENUM_CONVERSION = YES;
				CLANG_WARN_INFINITE_RECURSION = YES;
				CLANG_WARN_INT_CONVERSION = YES;
				CLANG_WARN_NON_LITERAL_NULL_CONVERSION = YES;
				CLANG_WARN_OBJC_IMPLICIT_RETAIN_SELF = YES;
				CLANG_WARN_OBJC_LITERAL_CONVERSION = YES;
				CLANG_WARN_OBJC_ROOT_CLASS = YES_ERROR;
				CLANG_WARN_RANGE_LOOP_ANALYSIS = YES;
				CLANG_WARN_STRICT_PROTOTYPES = YES;
				CLANG_WARN_SUSPICIOUS_MOVE = YES;
				CLANG_WARN_UNGUARDED_AVAILABILITY = YES_AGGRESSIVE;
				CLANG_WARN_UNREACHABLE_CODE = YES;
				CLANG_WARN__DUPLICATE_METHOD_MATCH = YES;
				CODE_SIGN_IDENTITY = "iPhone Developer";
				COPY_PHASE_STRIP = NO;
				DEBUG_INFORMATION_FORMAT = dwarf;
				ENABLE_STRICT_OBJC_MSGSEND = YES;
				ENABLE_TESTABILITY = YES;
				GCC_C_LANGUAGE_STANDARD = gnu11;
				GCC_DYNAMIC_NO_PIC = NO;
				GCC_NO_COMMON_BLOCKS = YES;
				GCC_OPTIMIZATION_LEVEL = 0;
				GCC_PREPROCESSOR_DEFINITIONS = (
					"DEBUG=1",
					"$(inherited)",
				);
				GCC_WARN_64_TO_32_BIT_CONVERSION = YES;
				GCC_WARN_ABOUT_RETURN_TYPE = YES_ERROR;
				GCC_WARN_UNDECLARED_SELECTOR = YES;
				GCC_WARN_UNINITIALIZED_AUTOS = YES_AGGRESSIVE;
				GCC_WARN_UNUSED_FUNCTION = YES;
				GCC_WARN_UNUSED_VARIABLE = YES;
				IPHONEOS_DEPLOYMENT_TARGET = 12.0;
				MTL_ENABLE_DEBUG_INFO = INCLUDE_SOURCE;
				MTL_FAST_MATH = YES;
				ONLY_ACTIVE_ARCH = YES;
				SDKROOT = iphoneos;
				SWIFT_ACTIVE_COMPILATION_CONDITIONS = DEBUG;
				SWIFT_OPTIMIZATION_LEVEL = "-Onone";
			};
			name = Debug;
		};
		95A9BE6E225FA7F70014AC2B /* Release */ = {
			isa = XCBuildConfiguration;
			buildSettings = {
				ALWAYS_SEARCH_USER_PATHS = NO;
				CLANG_ANALYZER_NONNULL = YES;
				CLANG_ANALYZER_NUMBER_OBJECT_CONVERSION = YES_AGGRESSIVE;
				CLANG_CXX_LANGUAGE_STANDARD = "gnu++14";
				CLANG_CXX_LIBRARY = "libc++";
				CLANG_ENABLE_MODULES = YES;
				CLANG_ENABLE_OBJC_ARC = YES;
				CLANG_ENABLE_OBJC_WEAK = YES;
				CLANG_WARN_BLOCK_CAPTURE_AUTORELEASING = YES;
				CLANG_WARN_BOOL_CONVERSION = YES;
				CLANG_WARN_COMMA = YES;
				CLANG_WARN_CONSTANT_CONVERSION = YES;
				CLANG_WARN_DEPRECATED_OBJC_IMPLEMENTATIONS = YES;
				CLANG_WARN_DIRECT_OBJC_ISA_USAGE = YES_ERROR;
				CLANG_WARN_DOCUMENTATION_COMMENTS = YES;
				CLANG_WARN_EMPTY_BODY = YES;
				CLANG_WARN_ENUM_CONVERSION = YES;
				CLANG_WARN_INFINITE_RECURSION = YES;
				CLANG_WARN_INT_CONVERSION = YES;
				CLANG_WARN_NON_LITERAL_NULL_CONVERSION = YES;
				CLANG_WARN_OBJC_IMPLICIT_RETAIN_SELF = YES;
				CLANG_WARN_OBJC_LITERAL_CONVERSION = YES;
				CLANG_WARN_OBJC_ROOT_CLASS = YES_ERROR;
				CLANG_WARN_RANGE_LOOP_ANALYSIS = YES;
				CLANG_WARN_STRICT_PROTOTYPES = YES;
				CLANG_WARN_SUSPICIOUS_MOVE = YES;
				CLANG_WARN_UNGUARDED_AVAILABILITY = YES_AGGRESSIVE;
				CLANG_WARN_UNREACHABLE_CODE = YES;
				CLANG_WARN__DUPLICATE_METHOD_MATCH = YES;
				CODE_SIGN_IDENTITY = "iPhone Developer";
				COPY_PHASE_STRIP = NO;
				DEBUG_INFORMATION_FORMAT = "dwarf-with-dsym";
				ENABLE_NS_ASSERTIONS = NO;
				ENABLE_STRICT_OBJC_MSGSEND = YES;
				GCC_C_LANGUAGE_STANDARD = gnu11;
				GCC_NO_COMMON_BLOCKS = YES;
				GCC_WARN_64_TO_32_BIT_CONVERSION = YES;
				GCC_WARN_ABOUT_RETURN_TYPE = YES_ERROR;
				GCC_WARN_UNDECLARED_SELECTOR = YES;
				GCC_WARN_UNINITIALIZED_AUTOS = YES_AGGRESSIVE;
				GCC_WARN_UNUSED_FUNCTION = YES;
				GCC_WARN_UNUSED_VARIABLE = YES;
				IPHONEOS_DEPLOYMENT_TARGET = 12.0;
				MTL_ENABLE_DEBUG_INFO = NO;
				MTL_FAST_MATH = YES;
				SDKROOT = iphoneos;
				SWIFT_COMPILATION_MODE = wholemodule;
				SWIFT_OPTIMIZATION_LEVEL = "-O";
				VALIDATE_PRODUCT = YES;
			};
			name = Release;
		};
		95A9BE70225FA7F70014AC2B /* Debug */ = {
			isa = XCBuildConfiguration;
			buildSettings = {
				ASSETCATALOG_COMPILER_APPICON_NAME = AppIcon;
				CODE_SIGN_STYLE = Automatic;
				INFOPLIST_FILE = sampletest/Info.plist;
				LD_RUNPATH_SEARCH_PATHS = (
					"$(inherited)",
					"@executable_path/Frameworks",
				);
				PRODUCT_BUNDLE_IDENTIFIER = nidhi.sampletest;
				PRODUCT_NAME = "$(TARGET_NAME)";
				SWIFT_VERSION = 4.2;
				TARGETED_DEVICE_FAMILY = "1,2";
			};
			name = Debug;
		};
		95A9BE71225FA7F70014AC2B /* Release */ = {
			isa = XCBuildConfiguration;
			buildSettings = {
				ASSETCATALOG_COMPILER_APPICON_NAME = AppIcon;
				CODE_SIGN_STYLE = Automatic;
				INFOPLIST_FILE = sampletest/Info.plist;
				LD_RUNPATH_SEARCH_PATHS = (
					"$(inherited)",
					"@executable_path/Frameworks",
				);
				PRODUCT_BUNDLE_IDENTIFIER = nidhi.sampletest;
				PRODUCT_NAME = "$(TARGET_NAME)";
				SWIFT_VERSION = 4.2;
				TARGETED_DEVICE_FAMILY = "1,2";
			};
			name = Release;
		};
/* End XCBuildConfiguration section */

/* Begin XCConfigurationList section */
		95A9BE58225FA7F50014AC2B /* Build configuration list for PBXProject "sampletest" */ = {
			isa = XCConfigurationList;
			buildConfigurations = (
				95A9BE6D225FA7F70014AC2B /* Debug */,
				95A9BE6E225FA7F70014AC2B /* Release */,
			);
			defaultConfigurationIsVisible = 0;
			defaultConfigurationName = Release;
		};
		95A9BE6F225FA7F70014AC2B /* Build configuration list for PBXNativeTarget "sampletest" */ = {
			isa = XCConfigurationList;
			buildConfigurations = (
				95A9BE70225FA7F70014AC2B /* Debug */,
				95A9BE71225FA7F70014AC2B /* Release */,
			);
			defaultConfigurationIsVisible = 0;
			defaultConfigurationName = Release;
		};
/* End XCConfigurationList section */
	};
	rootObject = 95A9BE55225FA7F50014AC2B /* Project object */;
}
